{
    "version": 3,
    "terraform_version": "0.8.6",
    "serial": 8,
    "lineage": "8762055e-da46-4d33-9a4d-7af1746d38b3",
    "modules": [
        {
            "path": [
                "root"
            ],
            "outputs": {
                "ami": {
                    "sensitive": false,
                    "type": "string",
                    "value": "ami-13be557e"
                },
                "ip": {
                    "sensitive": false,
                    "type": "string",
                    "value": "34.199.130.226"
                }
            },
            "resources": {
                "aws_eip.ip": {
                    "type": "aws_eip",
                    "depends_on": [
                        "aws_instance.example"
                    ],
                    "primary": {
                        "id": "eipalloc-b84da589",
                        "attributes": {
                            "association_id": "eipassoc-c9d500f8",
                            "domain": "vpc",
                            "id": "eipalloc-b84da589",
                            "instance": "i-044d77735ce2c9b9b",
                            "network_interface": "eni-d9f04f1d",
                            "private_ip": "172.31.31.28",
                            "public_ip": "34.199.130.226",
                            "vpc": "true"
                        },
                        "meta": {},
                        "tainted": false
                    },
                    "deposed": [],
                    "provider": ""
                },
                "aws_instance.example": {
                    "type": "aws_instance",
                    "depends_on": [],
                    "primary": {
                        "id": "i-044d77735ce2c9b9b",
                        "attributes": {
                            "ami": "ami-13be557e",
                            "associate_public_ip_address": "true",
                            "availability_zone": "us-east-1d",
                            "disable_api_termination": "false",
                            "ebs_block_device.#": "0",
                            "ebs_optimized": "false",
                            "ephemeral_block_device.#": "0",
                            "iam_instance_profile": "",
                            "id": "i-044d77735ce2c9b9b",
                            "instance_state": "running",
                            "instance_type": "t2.micro",
                            "key_name": "",
                            "monitoring": "false",
                            "network_interface_id": "eni-d9f04f1d",
                            "private_dns": "ip-172-31-31-28.ec2.internal",
                            "private_ip": "172.31.31.28",
                            "public_dns": "ec2-54-91-26-159.compute-1.amazonaws.com",
                            "public_ip": "54.91.26.159",
                            "root_block_device.#": "1",
                            "root_block_device.0.delete_on_termination": "true",
                            "root_block_device.0.iops": "100",
                            "root_block_device.0.volume_size": "8",
                            "root_block_device.0.volume_type": "gp2",
                            "security_groups.#": "0",
                            "source_dest_check": "true",
                            "subnet_id": "subnet-75184d2e",
                            "tags.%": "0",
                            "tenancy": "default",
                            "vpc_security_group_ids.#": "1",
                            "vpc_security_group_ids.2872362008": "sg-860643fa"
                        },
                        "meta": {
                            "schema_version": "1"
                        },
                        "tainted": false
                    },
                    "deposed": [],
                    "provider": ""
                }
            },
            "depends_on": []
        }
    ]
}
